{
  "name": "open-event-orga-app",
  "dependencies": {
    "@angular/common": {
      "version": "2.0.0-rc.4",
      "from": "@angular/common@2.0.0-rc.4",
      "resolved": "https://registry.npmjs.org/@angular/common/-/common-2.0.0-rc.4.tgz"
    },
    "@angular/compiler": {
      "version": "2.0.0-rc.4",
      "from": "@angular/compiler@2.0.0-rc.4",
      "resolved": "https://registry.npmjs.org/@angular/compiler/-/compiler-2.0.0-rc.4.tgz"
    },
    "@angular/core": {
      "version": "2.0.0-rc.4",
      "from": "@angular/core@2.0.0-rc.4",
      "resolved": "https://registry.npmjs.org/@angular/core/-/core-2.0.0-rc.4.tgz"
    },
    "@angular/forms": {
      "version": "0.2.0",
      "from": "@angular/forms@0.2.0",
      "resolved": "https://registry.npmjs.org/@angular/forms/-/forms-0.2.0.tgz"
    },
    "@angular/http": {
      "version": "2.0.0-rc.4",
      "from": "@angular/http@2.0.0-rc.4",
      "resolved": "https://registry.npmjs.org/@angular/http/-/http-2.0.0-rc.4.tgz"
    },
    "@angular/platform-browser": {
      "version": "2.0.0-rc.4",
      "from": "@angular/platform-browser@2.0.0-rc.4",
      "resolved": "https://registry.npmjs.org/@angular/platform-browser/-/platform-browser-2.0.0-rc.4.tgz"
    },
    "@angular/platform-browser-dynamic": {
      "version": "2.0.0-rc.4",
      "from": "@angular/platform-browser-dynamic@2.0.0-rc.4",
      "resolved": "https://registry.npmjs.org/@angular/platform-browser-dynamic/-/platform-browser-dynamic-2.0.0-rc.4.tgz"
    },
    "angular2-jwt": {
      "version": "0.1.20",
      "from": "angular2-jwt@>=0.1.20 <0.2.0",
      "resolved": "https://registry.npmjs.org/angular2-jwt/-/angular2-jwt-0.1.20.tgz",
      "dependencies": {
        "atob": {
          "version": "2.0.3",
          "from": "atob@>=2.0.3 <3.0.0",
          "resolved": "https://registry.npmjs.org/atob/-/atob-2.0.3.tgz"
        }
      }
    },
    "angular2-moment": {
      "version": "0.8.2",
      "from": "angular2-moment@>=0.8.2 <0.9.0",
      "resolved": "https://registry.npmjs.org/angular2-moment/-/angular2-moment-0.8.2.tgz",
      "dependencies": {
        "moment": {
          "version": "2.14.1",
          "from": "moment@>=2.11.2 <3.0.0",
          "resolved": "https://registry.npmjs.org/moment/-/moment-2.14.1.tgz"
        }
      }
    },
    "es6-shim": {
      "version": "0.35.1",
      "from": "es6-shim@0.35.1",
      "resolved": "https://registry.npmjs.org/es6-shim/-/es6-shim-0.35.1.tgz"
    },
    "ionic-angular": {
      "version": "2.0.0-beta.11",
      "from": "ionic-angular@2.0.0-beta.11",
      "resolved": "https://registry.npmjs.org/ionic-angular/-/ionic-angular-2.0.0-beta.11.tgz",
      "dependencies": {
        "colors": {
          "version": "1.1.2",
          "from": "colors@>=1.1.2 <2.0.0",
          "resolved": "https://registry.npmjs.org/colors/-/colors-1.1.2.tgz"
        },
        "inquirer": {
          "version": "0.11.0",
          "from": "inquirer@0.11.0",
          "resolved": "https://registry.npmjs.org/inquirer/-/inquirer-0.11.0.tgz",
          "dependencies": {
            "ansi-escapes": {
              "version": "1.4.0",
              "from": "ansi-escapes@>=1.1.0 <2.0.0",
              "resolved": "https://registry.npmjs.org/ansi-escapes/-/ansi-escapes-1.4.0.tgz"
            },
            "ansi-regex": {
              "version": "2.0.0",
              "from": "ansi-regex@>=2.0.0 <3.0.0",
              "resolved": "https://registry.npmjs.org/ansi-regex/-/ansi-regex-2.0.0.tgz"
            },
            "chalk": {
              "version": "1.1.3",
              "from": "chalk@>=1.0.0 <2.0.0",
              "resolved": "https://registry.npmjs.org/chalk/-/chalk-1.1.3.tgz",
              "dependencies": {
                "ansi-styles": {
                  "version": "2.2.1",
                  "from": "ansi-styles@>=2.2.1 <3.0.0",
                  "resolved": "https://registry.npmjs.org/ansi-styles/-/ansi-styles-2.2.1.tgz"
                },
                "escape-string-regexp": {
                  "version": "1.0.5",
                  "from": "escape-string-regexp@>=1.0.5 <2.0.0",
                  "resolved": "https://registry.npmjs.org/escape-string-regexp/-/escape-string-regexp-1.0.5.tgz"
                },
                "has-ansi": {
                  "version": "2.0.0",
                  "from": "has-ansi@>=2.0.0 <3.0.0",
                  "resolved": "https://registry.npmjs.org/has-ansi/-/has-ansi-2.0.0.tgz"
                },
                "supports-color": {
                  "version": "2.0.0",
                  "from": "supports-color@>=2.0.0 <3.0.0",
                  "resolved": "https://registry.npmjs.org/supports-color/-/supports-color-2.0.0.tgz"
                }
              }
            },
            "cli-cursor": {
              "version": "1.0.2",
              "from": "cli-cursor@>=1.0.1 <2.0.0",
              "resolved": "https://registry.npmjs.org/cli-cursor/-/cli-cursor-1.0.2.tgz",
              "dependencies": {
                "restore-cursor": {
                  "version": "1.0.1",
                  "from": "restore-cursor@>=1.0.1 <2.0.0",
                  "resolved": "https://registry.npmjs.org/restore-cursor/-/restore-cursor-1.0.1.tgz",
                  "dependencies": {
                    "exit-hook": {
                      "version": "1.1.1",
                      "from": "exit-hook@>=1.0.0 <2.0.0",
                      "resolved": "https://registry.npmjs.org/exit-hook/-/exit-hook-1.1.1.tgz"
                    },
                    "onetime": {
                      "version": "1.1.0",
                      "from": "onetime@>=1.0.0 <2.0.0",
                      "resolved": "https://registry.npmjs.org/onetime/-/onetime-1.1.0.tgz"
                    }
                  }
                }
              }
            },
            "cli-width": {
              "version": "1.1.1",
              "from": "cli-width@>=1.0.1 <2.0.0",
              "resolved": "https://registry.npmjs.org/cli-width/-/cli-width-1.1.1.tgz"
            },
            "figures": {
              "version": "1.7.0",
              "from": "figures@>=1.3.5 <2.0.0",
              "resolved": "https://registry.npmjs.org/figures/-/figures-1.7.0.tgz",
              "dependencies": {
                "escape-string-regexp": {
                  "version": "1.0.5",
                  "from": "escape-string-regexp@>=1.0.5 <2.0.0",
                  "resolved": "https://registry.npmjs.org/escape-string-regexp/-/escape-string-regexp-1.0.5.tgz"
                },
                "object-assign": {
                  "version": "4.1.0",
                  "from": "object-assign@>=4.1.0 <5.0.0",
                  "resolved": "https://registry.npmjs.org/object-assign/-/object-assign-4.1.0.tgz"
                }
              }
            },
            "readline2": {
              "version": "1.0.1",
              "from": "readline2@>=1.0.1 <2.0.0",
              "resolved": "https://registry.npmjs.org/readline2/-/readline2-1.0.1.tgz",
              "dependencies": {
                "code-point-at": {
                  "version": "1.0.0",
                  "from": "code-point-at@>=1.0.0 <2.0.0",
                  "resolved": "https://registry.npmjs.org/code-point-at/-/code-point-at-1.0.0.tgz",
                  "dependencies": {
                    "number-is-nan": {
                      "version": "1.0.0",
                      "from": "number-is-nan@>=1.0.0 <2.0.0",
                      "resolved": "https://registry.npmjs.org/number-is-nan/-/number-is-nan-1.0.0.tgz"
                    }
                  }
                },
                "is-fullwidth-code-point": {
                  "version": "1.0.0",
                  "from": "is-fullwidth-code-point@>=1.0.0 <2.0.0",
                  "resolved": "https://registry.npmjs.org/is-fullwidth-code-point/-/is-fullwidth-code-point-1.0.0.tgz",
                  "dependencies": {
                    "number-is-nan": {
                      "version": "1.0.0",
                      "from": "number-is-nan@>=1.0.0 <2.0.0",
                      "resolved": "https://registry.npmjs.org/number-is-nan/-/number-is-nan-1.0.0.tgz"
                    }
                  }
                },
                "mute-stream": {
                  "version": "0.0.5",
                  "from": "mute-stream@0.0.5",
                  "resolved": "https://registry.npmjs.org/mute-stream/-/mute-stream-0.0.5.tgz"
                }
              }
            },
            "run-async": {
              "version": "0.1.0",
              "from": "run-async@>=0.1.0 <0.2.0",
              "resolved": "https://registry.npmjs.org/run-async/-/run-async-0.1.0.tgz",
              "dependencies": {
                "once": {
                  "version": "1.3.3",
                  "from": "once@>=1.3.0 <2.0.0",
                  "resolved": "https://registry.npmjs.org/once/-/once-1.3.3.tgz",
                  "dependencies": {
                    "wrappy": {
                      "version": "1.0.2",
                      "from": "wrappy@>=1.0.0 <2.0.0",
                      "resolved": "https://registry.npmjs.org/wrappy/-/wrappy-1.0.2.tgz"
                    }
                  }
                }
              }
            },
            "rx-lite": {
              "version": "3.1.2",
              "from": "rx-lite@>=3.1.2 <4.0.0",
              "resolved": "https://registry.npmjs.org/rx-lite/-/rx-lite-3.1.2.tgz"
            },
            "strip-ansi": {
              "version": "3.0.1",
              "from": "strip-ansi@>=3.0.0 <4.0.0",
              "resolved": "https://registry.npmjs.org/strip-ansi/-/strip-ansi-3.0.1.tgz"
            },
            "through": {
              "version": "2.3.8",
              "from": "through@>=2.3.6 <3.0.0",
              "resolved": "https://registry.npmjs.org/through/-/through-2.3.8.tgz"
            }
          }
        },
        "lodash": {
          "version": "3.10.1",
          "from": "lodash@3.10.1",
          "resolved": "https://registry.npmjs.org/lodash/-/lodash-3.10.1.tgz"
        },
        "mkdirp-no-bin": {
          "version": "0.5.1",
          "from": "mkdirp-no-bin@0.5.1",
          "resolved": "https://registry.npmjs.org/mkdirp-no-bin/-/mkdirp-no-bin-0.5.1.tgz"
        },
        "q": {
          "version": "1.4.1",
          "from": "q@1.4.1",
          "resolved": "https://registry.npmjs.org/q/-/q-1.4.1.tgz"
        }
      }
    },
    "ionic-native": {
      "version": "1.3.10",
      "from": "ionic-native@1.3.10",
      "resolved": "https://registry.npmjs.org/ionic-native/-/ionic-native-1.3.10.tgz"
    },
    "ionicons": {
      "version": "3.0.0",
      "from": "ionicons@3.0.0",
      "resolved": "https://registry.npmjs.org/ionicons/-/ionicons-3.0.0.tgz"
    },
    "reflect-metadata": {
      "version": "0.1.8",
      "from": "reflect-metadata@0.1.8",
      "resolved": "https://registry.npmjs.org/reflect-metadata/-/reflect-metadata-0.1.8.tgz"
    },
    "rxjs": {
      "version": "5.0.0-beta.6",
      "from": "rxjs@5.0.0-beta.6",
      "resolved": "https://registry.npmjs.org/rxjs/-/rxjs-5.0.0-beta.6.tgz"
    },
    "zone.js": {
      "version": "0.6.12",
      "from": "zone.js@0.6.12",
      "resolved": "https://registry.npmjs.org/zone.js/-/zone.js-0.6.12.tgz"
    }
  }
}
